
Microsoft Visual Studio Solution File, Format Version 12.00
# Visual Studio Version 16
VisualStudioVersion = 16.0.33328.57
MinimumVisualStudioVersion = 10.0.40219.1
Project("{9A19103F-16F7-4668-BE54-9A1E7A4F7556}") = "vidroarte", "WebApplication2\vidroarte.csproj", "{126287AD-83AE-4779-9F79-1F03C76D9B93}"
EndProject
Global
	GlobalSection(SolutionConfigurationPlatforms) = preSolution
		Debug|Any CPU = Debug|Any CPU
		Release|Any CPU = Release|Any CPU
	EndGlobalSection
	GlobalSection(ProjectConfigurationPlatforms) = postSolution
		{126287AD-83AE-4779-9F79-1F03C76D9B93}.Debug|Any CPU.ActiveCfg = Debug|Any CPU
		{126287AD-83AE-4779-9F79-1F03C76D9B93}.Debug|Any CPU.Build.0 = Debug|Any CPU
		{126287AD-83AE-4779-9F79-1F03C76D9B93}.Release|Any CPU.ActiveCfg = Release|Any CPU
		{126287AD-83AE-4779-9F79-1F03C76D9B93}.Release|Any CPU.Build.0 = Release|Any CPU
	EndGlobalSection
	GlobalSection(SolutionProperties) = preSolution
		HideSolutionNode = FALSE
	EndGlobalSection
	GlobalSection(ExtensibilityGlobals) = postSolution
		SolutionGuid = {5111BC48-E5B1-4B10-BE8B-811EDB86D6DA}
	EndGlobalSection
EndGlobal
